
Microsoft Visual Studio Solution File, Format Version 12.00
# Visual Studio Version 17
VisualStudioVersion = 17.14.37411.7 d17.14
MinimumVisualStudioVersion = 10.0.40219.1
Project("{FAE04EC0-301F-11D3-BF4B-00C04F79EFBC}") = "EcommerceAPI", "EcommerceAPI.csproj", "{F9A7037E-E70A-427A-95A5-CF0E8A66CE98}"
EndProject
Global
	GlobalSection(SolutionConfigurationPlatforms) = preSolution
		Debug|Any CPU = Debug|Any CPU
		Release|Any CPU = Release|Any CPU
	EndGlobalSection
	GlobalSection(ProjectConfigurationPlatforms) = postSolution
		{F9A7037E-E70A-427A-95A5-CF0E8A66CE98}.Debug|Any CPU.ActiveCfg = Debug|Any CPU
		{F9A7037E-E70A-427A-95A5-CF0E8A66CE98}.Debug|Any CPU.Build.0 = Debug|Any CPU
		{F9A7037E-E70A-427A-95A5-CF0E8A66CE98}.Release|Any CPU.ActiveCfg = Release|Any CPU
		{F9A7037E-E70A-427A-95A5-CF0E8A66CE98}.Release|Any CPU.Build.0 = Release|Any CPU
	EndGlobalSection
	GlobalSection(SolutionProperties) = preSolution
		HideSolutionNode = FALSE
	EndGlobalSection
	GlobalSection(ExtensibilityGlobals) = postSolution
		SolutionGuid = {F090C97E-19D2-40B1-840F-23298101AEA7}
	EndGlobalSection
EndGlobal
